Microsoft Visual Studio Solution File, Format Version 12.00
# Visual Studio Version 17
VisualStudioVersion = 17.5.2.0
MinimumVisualStudioVersion = 10.0.40219.1
Project("{2150E333-8FDC-42A3-9474-1A3956D46DE8}") = "domain", "domain", "{996CEBED-A05B-5D42-3FF0-982E087A2599}"
EndProject
Project("{2150E333-8FDC-42A3-9474-1A3956D46DE8}") = "admin", "admin", "{361D5524-3FA0-0838-8BDF-5D8E12BA9270}"
EndProject
Project("{2150E333-8FDC-42A3-9474-1A3956D46DE8}") = "acl", "acl", "{C98976D0-40B4-1E44-9B5D-3036C80EBB61}"
EndProject
Project("{FAE04EC0-301F-11D3-BF4B-00C04F79EFBC}") = "AdminDomainService", "domain\admin\acl\AdminDomainService\AdminDomainService.csproj", "{8E653A1D-AA9E-8AC6-5089-D285701AA6EB}"
EndProject
Project("{2150E333-8FDC-42A3-9474-1A3956D46DE8}") = "common", "common", "{6C60947B-AB14-4947-A20D-06D2392F1999}"
EndProject
Project("{FAE04EC0-301F-11D3-BF4B-00C04F79EFBC}") = "Fabrica.Domain.Esb", "domain\common\Fabrica.Domain.Esb\Fabrica.Domain.Esb.csproj", "{1766DB3B-6208-49BA-966B-70023ADBDE7D}"
EndProject
Project("{2150E333-8FDC-42A3-9474-1A3956D46DE8}") = "content", "content", "{7C25B148-7F9B-437A-9D5D-62305D1056F8}"
EndProject
Project("{2150E333-8FDC-42A3-9474-1A3956D46DE8}") = "acl", "acl", "{C6B5005E-0559-48CA-9303-288AFB9FE460}"
EndProject
Project("{FAE04EC0-301F-11D3-BF4B-00C04F79EFBC}") = "ContentDomainService", "domain\content\acl\ContentDomainService\ContentDomainService.csproj", "{94BE53A2-1192-48C6-BC7B-A6775069C54A}"
EndProject
Project("{2150E333-8FDC-42A3-9474-1A3956D46DE8}") = "product", "product", "{54A711CE-689C-44F4-91BF-93AA1D961D5F}"
EndProject
Project("{2150E333-8FDC-42A3-9474-1A3956D46DE8}") = "acl", "acl", "{20C19DC2-05E0-4B60-A6E8-89E48B93C891}"
EndProject
Project("{FAE04EC0-301F-11D3-BF4B-00C04F79EFBC}") = "ProductDomainService", "domain\product\acl\ProductDomainService\ProductDomainService.csproj", "{03F9BF83-4C4C-4A7E-B0F0-E8FE66C89CDE}"
EndProject
Project("{2150E333-8FDC-42A3-9474-1A3956D46DE8}") = "ux", "ux", "{29C2405D-9B0D-47C8-9795-68A426278299}"
EndProject
Project("{2150E333-8FDC-42A3-9474-1A3956D46DE8}") = "bff", "bff", "{794D1ED3-E37E-47B0-8C10-1FC35B24BCA0}"
EndProject
Project("{FAE04EC0-301F-11D3-BF4B-00C04F79EFBC}") = "AdminBFF", "ux\bff\AdminBFF\AdminBFF.csproj", "{8B888754-4367-4D54-9A58-523A436D3379}"
EndProject
Project("{FAE04EC0-301F-11D3-BF4B-00C04F79EFBC}") = "ContentBFF", "ux\bff\ContentBFF\ContentBFF.csproj", "{8B4ED062-64D9-4D44-A862-D33EB3B38474}"
EndProject
Project("{FAE04EC0-301F-11D3-BF4B-00C04F79EFBC}") = "ProductBFF", "ux\bff\ProductBFF\ProductBFF.csproj", "{6321D5EA-B3AC-44E7-946F-0EAA7335E0D7}"
EndProject
Global
	GlobalSection(SolutionConfigurationPlatforms) = preSolution
		Debug|Any CPU = Debug|Any CPU
		Release|Any CPU = Release|Any CPU
	EndGlobalSection
	GlobalSection(ProjectConfigurationPlatforms) = postSolution
		{8E653A1D-AA9E-8AC6-5089-D285701AA6EB}.Debug|Any CPU.ActiveCfg = Debug|Any CPU
		{8E653A1D-AA9E-8AC6-5089-D285701AA6EB}.Debug|Any CPU.Build.0 = Debug|Any CPU
		{8E653A1D-AA9E-8AC6-5089-D285701AA6EB}.Release|Any CPU.ActiveCfg = Release|Any CPU
		{8E653A1D-AA9E-8AC6-5089-D285701AA6EB}.Release|Any CPU.Build.0 = Release|Any CPU
		{1766DB3B-6208-49BA-966B-70023ADBDE7D}.Debug|Any CPU.ActiveCfg = Debug|Any CPU
		{1766DB3B-6208-49BA-966B-70023ADBDE7D}.Debug|Any CPU.Build.0 = Debug|Any CPU
		{1766DB3B-6208-49BA-966B-70023ADBDE7D}.Release|Any CPU.ActiveCfg = Release|Any CPU
		{1766DB3B-6208-49BA-966B-70023ADBDE7D}.Release|Any CPU.Build.0 = Release|Any CPU
		{94BE53A2-1192-48C6-BC7B-A6775069C54A}.Debug|Any CPU.ActiveCfg = Debug|Any CPU
		{94BE53A2-1192-48C6-BC7B-A6775069C54A}.Debug|Any CPU.Build.0 = Debug|Any CPU
		{94BE53A2-1192-48C6-BC7B-A6775069C54A}.Release|Any CPU.ActiveCfg = Release|Any CPU
		{94BE53A2-1192-48C6-BC7B-A6775069C54A}.Release|Any CPU.Build.0 = Release|Any CPU
		{03F9BF83-4C4C-4A7E-B0F0-E8FE66C89CDE}.Debug|Any CPU.ActiveCfg = Debug|Any CPU
		{03F9BF83-4C4C-4A7E-B0F0-E8FE66C89CDE}.Debug|Any CPU.Build.0 = Debug|Any CPU
		{03F9BF83-4C4C-4A7E-B0F0-E8FE66C89CDE}.Release|Any CPU.ActiveCfg = Release|Any CPU
		{03F9BF83-4C4C-4A7E-B0F0-E8FE66C89CDE}.Release|Any CPU.Build.0 = Release|Any CPU
		{8B888754-4367-4D54-9A58-523A436D3379}.Debug|Any CPU.ActiveCfg = Debug|Any CPU
		{8B888754-4367-4D54-9A58-523A436D3379}.Debug|Any CPU.Build.0 = Debug|Any CPU
		{8B888754-4367-4D54-9A58-523A436D3379}.Release|Any CPU.ActiveCfg = Release|Any CPU
		{8B888754-4367-4D54-9A58-523A436D3379}.Release|Any CPU.Build.0 = Release|Any CPU
		{8B4ED062-64D9-4D44-A862-D33EB3B38474}.Debug|Any CPU.ActiveCfg = Debug|Any CPU
		{8B4ED062-64D9-4D44-A862-D33EB3B38474}.Debug|Any CPU.Build.0 = Debug|Any CPU
		{8B4ED062-64D9-4D44-A862-D33EB3B38474}.Release|Any CPU.ActiveCfg = Release|Any CPU
		{8B4ED062-64D9-4D44-A862-D33EB3B38474}.Release|Any CPU.Build.0 = Release|Any CPU
		{6321D5EA-B3AC-44E7-946F-0EAA7335E0D7}.Debug|Any CPU.ActiveCfg = Debug|Any CPU
		{6321D5EA-B3AC-44E7-946F-0EAA7335E0D7}.Debug|Any CPU.Build.0 = Debug|Any CPU
		{6321D5EA-B3AC-44E7-946F-0EAA7335E0D7}.Release|Any CPU.ActiveCfg = Release|Any CPU
		{6321D5EA-B3AC-44E7-946F-0EAA7335E0D7}.Release|Any CPU.Build.0 = Release|Any CPU
	EndGlobalSection
	GlobalSection(SolutionProperties) = preSolution
		HideSolutionNode = FALSE
	EndGlobalSection
	GlobalSection(NestedProjects) = preSolution
		{361D5524-3FA0-0838-8BDF-5D8E12BA9270} = {996CEBED-A05B-5D42-3FF0-982E087A2599}
		{C98976D0-40B4-1E44-9B5D-3036C80EBB61} = {361D5524-3FA0-0838-8BDF-5D8E12BA9270}
		{8E653A1D-AA9E-8AC6-5089-D285701AA6EB} = {C98976D0-40B4-1E44-9B5D-3036C80EBB61}
		{6C60947B-AB14-4947-A20D-06D2392F1999} = {996CEBED-A05B-5D42-3FF0-982E087A2599}
		{1766DB3B-6208-49BA-966B-70023ADBDE7D} = {6C60947B-AB14-4947-A20D-06D2392F1999}
		{7C25B148-7F9B-437A-9D5D-62305D1056F8} = {996CEBED-A05B-5D42-3FF0-982E087A2599}
		{C6B5005E-0559-48CA-9303-288AFB9FE460} = {7C25B148-7F9B-437A-9D5D-62305D1056F8}
		{94BE53A2-1192-48C6-BC7B-A6775069C54A} = {C6B5005E-0559-48CA-9303-288AFB9FE460}
		{54A711CE-689C-44F4-91BF-93AA1D961D5F} = {996CEBED-A05B-5D42-3FF0-982E087A2599}
		{20C19DC2-05E0-4B60-A6E8-89E48B93C891} = {54A711CE-689C-44F4-91BF-93AA1D961D5F}
		{03F9BF83-4C4C-4A7E-B0F0-E8FE66C89CDE} = {20C19DC2-05E0-4B60-A6E8-89E48B93C891}
		{794D1ED3-E37E-47B0-8C10-1FC35B24BCA0} = {29C2405D-9B0D-47C8-9795-68A426278299}
		{8B888754-4367-4D54-9A58-523A436D3379} = {794D1ED3-E37E-47B0-8C10-1FC35B24BCA0}
		{8B4ED062-64D9-4D44-A862-D33EB3B38474} = {794D1ED3-E37E-47B0-8C10-1FC35B24BCA0}
		{6321D5EA-B3AC-44E7-946F-0EAA7335E0D7} = {794D1ED3-E37E-47B0-8C10-1FC35B24BCA0}
	EndGlobalSection
	GlobalSection(ExtensibilityGlobals) = postSolution
		SolutionGuid = {C192D420-4472-48B5-9D7B-9737BD0427A9}
	EndGlobalSection
EndGlobal
